
Microsoft Visual Studio Solution File, Format Version 12.00
# Visual Studio Version 17
VisualStudioVersion = 17.2.32519.379
MinimumVisualStudioVersion = 10.0.40219.1
Project("{9A19103F-16F7-4668-BE54-9A1E7A4F7556}") = "HolidayChatAgent.GUI", "HolidayChatAgent.GUI\HolidayChatAgent.GUI.csproj", "{6A80AD8F-AA68-4FD3-BD6D-2B3DD44448E6}"
EndProject
Project("{00D1A9C2-B5F0-4AF3-8072-F6C62B433612}") = "HolidayChatAgent.Database", "HolidayChatAgent.Database\HolidayChatAgent.Database.sqlproj", "{9589443F-4076-4048-BEB4-8926D92F2544}"
EndProject
Project("{9A19103F-16F7-4668-BE54-9A1E7A4F7556}") = "HolidayChatAgent.Repository", "HolidayChatAgent.Repository\HolidayChatAgent.Repository.csproj", "{36A49950-492B-40E4-83B4-31ABEB58E793}"
EndProject
Project("{9A19103F-16F7-4668-BE54-9A1E7A4F7556}") = "HolidayChatAgent.Tests", "HolidayChatAgent.Tests\HolidayChatAgent.Tests.csproj", "{47B8195C-3C8F-4AD7-98D0-C65F5C67FB3D}"
EndProject
Project("{FAE04EC0-301F-11D3-BF4B-00C04F79EFBC}") = "HolidayChatAgent.Services", "HolidayChatAgent.Services\HolidayChatAgent.Services.csproj", "{0430F672-C209-4DF1-8E17-22B7249905A9}"
EndProject
Global
	GlobalSection(SolutionConfigurationPlatforms) = preSolution
		Debug|Any CPU = Debug|Any CPU
		Release|Any CPU = Release|Any CPU
	EndGlobalSection
	GlobalSection(ProjectConfigurationPlatforms) = postSolution
		{6A80AD8F-AA68-4FD3-BD6D-2B3DD44448E6}.Debug|Any CPU.ActiveCfg = Debug|Any CPU
		{6A80AD8F-AA68-4FD3-BD6D-2B3DD44448E6}.Debug|Any CPU.Build.0 = Debug|Any CPU
		{6A80AD8F-AA68-4FD3-BD6D-2B3DD44448E6}.Release|Any CPU.ActiveCfg = Release|Any CPU
		{6A80AD8F-AA68-4FD3-BD6D-2B3DD44448E6}.Release|Any CPU.Build.0 = Release|Any CPU
		{9589443F-4076-4048-BEB4-8926D92F2544}.Debug|Any CPU.ActiveCfg = Debug|Any CPU
		{9589443F-4076-4048-BEB4-8926D92F2544}.Debug|Any CPU.Build.0 = Debug|Any CPU
		{9589443F-4076-4048-BEB4-8926D92F2544}.Debug|Any CPU.Deploy.0 = Debug|Any CPU
		{9589443F-4076-4048-BEB4-8926D92F2544}.Release|Any CPU.ActiveCfg = Release|Any CPU
		{9589443F-4076-4048-BEB4-8926D92F2544}.Release|Any CPU.Build.0 = Release|Any CPU
		{9589443F-4076-4048-BEB4-8926D92F2544}.Release|Any CPU.Deploy.0 = Release|Any CPU
		{36A49950-492B-40E4-83B4-31ABEB58E793}.Debug|Any CPU.ActiveCfg = Debug|Any CPU
		{36A49950-492B-40E4-83B4-31ABEB58E793}.Debug|Any CPU.Build.0 = Debug|Any CPU
		{36A49950-492B-40E4-83B4-31ABEB58E793}.Release|Any CPU.ActiveCfg = Release|Any CPU
		{36A49950-492B-40E4-83B4-31ABEB58E793}.Release|Any CPU.Build.0 = Release|Any CPU
		{47B8195C-3C8F-4AD7-98D0-C65F5C67FB3D}.Debug|Any CPU.ActiveCfg = Debug|Any CPU
		{47B8195C-3C8F-4AD7-98D0-C65F5C67FB3D}.Debug|Any CPU.Build.0 = Debug|Any CPU
		{47B8195C-3C8F-4AD7-98D0-C65F5C67FB3D}.Release|Any CPU.ActiveCfg = Release|Any CPU
		{47B8195C-3C8F-4AD7-98D0-C65F5C67FB3D}.Release|Any CPU.Build.0 = Release|Any CPU
		{0430F672-C209-4DF1-8E17-22B7249905A9}.Debug|Any CPU.ActiveCfg = Debug|Any CPU
		{0430F672-C209-4DF1-8E17-22B7249905A9}.Debug|Any CPU.Build.0 = Debug|Any CPU
		{0430F672-C209-4DF1-8E17-22B7249905A9}.Release|Any CPU.ActiveCfg = Release|Any CPU
		{0430F672-C209-4DF1-8E17-22B7249905A9}.Release|Any CPU.Build.0 = Release|Any CPU
	EndGlobalSection
	GlobalSection(SolutionProperties) = preSolution
		HideSolutionNode = FALSE
	EndGlobalSection
	GlobalSection(ExtensibilityGlobals) = postSolution
		SolutionGuid = {F3FA0136-3908-4314-987B-7F7693CD3A7A}
	EndGlobalSection
EndGlobal
